<?xml version="1.0" encoding="utf-8"?>
<Project ToolsVersion="4.0" xmlns="http://schemas.microsoft.com/developer/msbuild/2003">
  <ItemGroup>
    <Filter Include="Source Files">
      <UniqueIdentifier>{4FC737F1-C7A5-4376-A066-2A32D752A2FF}</UniqueIdentifier>
      <Extensions>cpp;c;cc;cxx;def;odl;idl;hpj;bat;asm;asmx</Extensions>
    </Filter>
    <Filter Include="Header Files">
      <UniqueIdentifier>{93995380-89BD-4b04-88EB-625FBE52EBFB}</UniqueIdentifier>
      <Extensions>h;hh;hpp;hxx;hm;inl;inc;xsd</Extensions>
    </Filter>
    <Filter Include="Resource Files">
      <UniqueIdentifier>{67DA6AB6-F800-4c08-8B7A-83BB121AAD01}</UniqueIdentifier>
      <Extensions>rc;ico;cur;bmp;dlg;rc2;rct;bin;rgs;gif;jpg;jpeg;jpe;resx;tiff;tif;png;wav;mfcribbon-ms</Extensions>
    </Filter>
  </ItemGroup>
  <ItemGroup>
    <ClCompile Include="main.cpp">
      <Filter>Source Files</Filter>
    </ClCompile>
    <ClCompile Include="SDLEngine.cpp">
      <Filter>Source Files</Filter>
    </ClCompile>
    <ClCompile Include="PongMainGame.cpp">
      <Filter>Source Files</Filter>
    </ClCompile>
    <ClCompile Include="Quad.cpp">
      <Filter>Source Files</Filter>
    </ClCompile>
    <ClCompile Include="PhysicsComponents.cpp">
      <Filter>Source Files</Filter>
    </ClCompile>
    <ClCompile Include="GraphicComponents.cpp">
      <Filter>Source Files</Filter>
    </ClCompile>
    <ClCompile Include="PlayerInput.cpp">
      <Filter>Source Files</Filter>
    </ClCompile>
    <ClCompile Include="CPUInput.cpp">
      <Filter>Source Files</Filter>
    </ClCompile>
    <ClCompile Include="GamePong.cpp">
      <Filter>Source Files</Filter>
    </ClCompile>
    <ClCompile Include="IntroPong.cpp">
      <Filter>Source Files</Filter>
    </ClCompile>
    <ClCompile Include="SDLTexture.cpp">
      <Filter>Source Files</Filter>
    </ClCompile>
    <ClCompile Include="SDLBitmapFont.cpp">
      <Filter>Source Files</Filter>
    </ClCompile>
  </ItemGroup>
  <ItemGroup>
    <ClInclude Include="SDLEngine.h">
      <Filter>Header Files</Filter>
    </ClInclude>
    <ClInclude Include="PongMainGame.h">
      <Filter>Header Files</Filter>
    </ClInclude>
    <ClInclude Include="Quad.h">
      <Filter>Header Files</Filter>
    </ClInclude>
    <ClInclude Include="PhysicsComponents.h">
      <Filter>Header Files</Filter>
    </ClInclude>
    <ClInclude Include="GraphicComponents.h">
      <Filter>Header Files</Filter>
    </ClInclude>
    <ClInclude Include="InputComponents.h">
      <Filter>Header Files</Filter>
    </ClInclude>
    <ClInclude Include="PlayerInput.h">
      <Filter>Header Files</Filter>
    </ClInclude>
    <ClInclude Include="CPUInput.h">
      <Filter>Header Files</Filter>
    </ClInclude>
    <ClInclude Include="GameState.h">
      <Filter>Header Files</Filter>
    </ClInclude>
    <ClInclude Include="GamePong.h">
      <Filter>Header Files</Filter>
    </ClInclude>
    <ClInclude Include="IntroPong.h">
      <Filter>Header Files</Filter>
    </ClInclude>
    <ClInclude Include="SDLTexture.h">
      <Filter>Header Files</Filter>
    </ClInclude>
    <ClInclude Include="SDLBitmapFont.h">
      <Filter>Header Files</Filter>
    </ClInclude>
  </ItemGroup>
</Project>